// !$*UTF8*$!
{
	archiveVersion = 1;
	classes = {
	};
	objectVersion = 46;
	objects = {

/* Begin PBXBuildFile section */
		1708AE692005CEF800CAFD36 /* OpportunityPosts.swift in Sources */ = {isa = PBXBuildFile; fileRef = 1708AE682005CEF800CAFD36 /* OpportunityPosts.swift */; };
		1708AE6B2005D09F00CAFD36 /* PostResponse.swift in Sources */ = {isa = PBXBuildFile; fileRef = 1708AE6A2005D09F00CAFD36 /* PostResponse.swift */; };
		1714A72B1F6E257B00C9BB17 /* Login.storyboard in Resources */ = {isa = PBXBuildFile; fileRef = 1714A7291F6E257B00C9BB17 /* Login.storyboard */; };
		1714A72D1F6E293100C9BB17 /* RegisterViewController.swift in Sources */ = {isa = PBXBuildFile; fileRef = 1714A72C1F6E293100C9BB17 /* RegisterViewController.swift */; };
		1714A72F1F6E295400C9BB17 /* LoginSignUpViewController.swift in Sources */ = {isa = PBXBuildFile; fileRef = 1714A72E1F6E295400C9BB17 /* LoginSignUpViewController.swift */; };
		174F944D200BA66D001F7351 /* AddBookingViewController.swift in Sources */ = {isa = PBXBuildFile; fileRef = 174F944C200BA66D001F7351 /* AddBookingViewController.swift */; };
		17871757200A7D4000F1213B /* ProfileResponse.swift in Sources */ = {isa = PBXBuildFile; fileRef = 17871756200A7D4000F1213B /* ProfileResponse.swift */; };
		6444463AEBC5AD93872C8B96 /* Pods_Vome.framework in Frameworks */ = {isa = PBXBuildFile; fileRef = 2C295DA423BFA74667E88197 /* Pods_Vome.framework */; };
		9B367F5C200B2E710060C0A7 /* CustomSegmentedControl.swift in Sources */ = {isa = PBXBuildFile; fileRef = 9B367F5B200B2E710060C0A7 /* CustomSegmentedControl.swift */; };
		9B367F60200B39A00060C0A7 /* VolunteerProfileViewController.swift in Sources */ = {isa = PBXBuildFile; fileRef = 9B367F5F200B39A00060C0A7 /* VolunteerProfileViewController.swift */; };
		9B367F62200B85910060C0A7 /* UserInterest.swift in Sources */ = {isa = PBXBuildFile; fileRef = 9B367F61200B85910060C0A7 /* UserInterest.swift */; };
		9B367F64200B86B70060C0A7 /* Organization.swift in Sources */ = {isa = PBXBuildFile; fileRef = 9B367F63200B86B70060C0A7 /* Organization.swift */; };
		9B367F67200B8F5A0060C0A7 /* VolunteerProfileTableViewCell.swift in Sources */ = {isa = PBXBuildFile; fileRef = 9B367F65200B8F5A0060C0A7 /* VolunteerProfileTableViewCell.swift */; };
		9B367F68200B8F5A0060C0A7 /* VolunteerProfileTableViewCell.xib in Resources */ = {isa = PBXBuildFile; fileRef = 9B367F66200B8F5A0060C0A7 /* VolunteerProfileTableViewCell.xib */; };
		9B367F6C200B96530060C0A7 /* UIImageView+Extension.swift in Sources */ = {isa = PBXBuildFile; fileRef = 9B367F6B200B96530060C0A7 /* UIImageView+Extension.swift */; };
		9B383AAD1F6D4D6900C7FAA6 /* AppNavigation.swift in Sources */ = {isa = PBXBuildFile; fileRef = 9B383AAC1F6D4D6900C7FAA6 /* AppNavigation.swift */; };
		9B383AAF1F6D4E9900C7FAA6 /* StoryBoardIdentifier.swift in Sources */ = {isa = PBXBuildFile; fileRef = 9B383AAE1F6D4E9900C7FAA6 /* StoryBoardIdentifier.swift */; };
		9B383AB31F6D517700C7FAA6 /* OpportunityBoardViewController.swift in Sources */ = {isa = PBXBuildFile; fileRef = 9B383AB21F6D517700C7FAA6 /* OpportunityBoardViewController.swift */; };
		9B383AB61F6D590A00C7FAA6 /* OpportunityBoardTableViewCell.swift in Sources */ = {isa = PBXBuildFile; fileRef = 9B383AB41F6D590A00C7FAA6 /* OpportunityBoardTableViewCell.swift */; };
		9B383AB71F6D590A00C7FAA6 /* OpportunityBoardTableViewCell.xib in Resources */ = {isa = PBXBuildFile; fileRef = 9B383AB51F6D590A00C7FAA6 /* OpportunityBoardTableViewCell.xib */; };
		9B5606041FE2308F00C0FD50 /* Utility.swift in Sources */ = {isa = PBXBuildFile; fileRef = 9B5606031FE2308F00C0FD50 /* Utility.swift */; };
		9B5606071FE231FF00C0FD50 /* NotificationCenter.swift in Sources */ = {isa = PBXBuildFile; fileRef = 9B5606061FE231FF00C0FD50 /* NotificationCenter.swift */; };
		9B5606091FE2333800C0FD50 /* Global.swift in Sources */ = {isa = PBXBuildFile; fileRef = 9B5606081FE2333800C0FD50 /* Global.swift */; };
		9B56060B1FE2349500C0FD50 /* ErrorResponse.swift in Sources */ = {isa = PBXBuildFile; fileRef = 9B56060A1FE2349500C0FD50 /* ErrorResponse.swift */; };
		9B56060D1FE241A100C0FD50 /* LoginToken.swift in Sources */ = {isa = PBXBuildFile; fileRef = 9B56060C1FE241A100C0FD50 /* LoginToken.swift */; };
		9B6DC6E41FE6910C008EFE57 /* Validation.swift in Sources */ = {isa = PBXBuildFile; fileRef = 9B6DC6E31FE6910C008EFE57 /* Validation.swift */; };
		9B77ABB41F7813D4005303D6 /* CheckInViewController.swift in Sources */ = {isa = PBXBuildFile; fileRef = 9B77ABB31F7813D4005303D6 /* CheckInViewController.swift */; };
		9B8F5CDE1F779C2E00D4DFE6 /* DrawerMenuViewController.swift in Sources */ = {isa = PBXBuildFile; fileRef = 9B8F5CDD1F779C2E00D4DFE6 /* DrawerMenuViewController.swift */; };
		9B8F5CE01F77A00000D4DFE6 /* LeftViewController.swift in Sources */ = {isa = PBXBuildFile; fileRef = 9B8F5CDF1F77A00000D4DFE6 /* LeftViewController.swift */; };
		9B8F5CE41F77A25900D4DFE6 /* ImageHeaderView.swift in Sources */ = {isa = PBXBuildFile; fileRef = 9B8F5CE21F77A25900D4DFE6 /* ImageHeaderView.swift */; };
		9B8F5CE51F77A25900D4DFE6 /* ImageHeaderView.xib in Resources */ = {isa = PBXBuildFile; fileRef = 9B8F5CE31F77A25900D4DFE6 /* ImageHeaderView.xib */; };
		9B8F5CE71F77A4A000D4DFE6 /* UITableView+Extension.swift in Sources */ = {isa = PBXBuildFile; fileRef = 9B8F5CE61F77A4A000D4DFE6 /* UITableView+Extension.swift */; };
		9B8F5CE91F77A4F900D4DFE6 /* String+Extension.swift in Sources */ = {isa = PBXBuildFile; fileRef = 9B8F5CE81F77A4F900D4DFE6 /* String+Extension.swift */; };
		9B8F5CEB1F77AC0200D4DFE6 /* UIViewController+Extension.swift in Sources */ = {isa = PBXBuildFile; fileRef = 9B8F5CEA1F77AC0200D4DFE6 /* UIViewController+Extension.swift */; };
		9B8F5CEE1F77C78800D4DFE6 /* MenuTableViewCell.swift in Sources */ = {isa = PBXBuildFile; fileRef = 9B8F5CEC1F77C78800D4DFE6 /* MenuTableViewCell.swift */; };
		9B8F5CEF1F77C78800D4DFE6 /* MenuTableViewCell.xib in Resources */ = {isa = PBXBuildFile; fileRef = 9B8F5CED1F77C78800D4DFE6 /* MenuTableViewCell.xib */; };
		9B8F5CF21F77D37F00D4DFE6 /* ProfileViewController.swift in Sources */ = {isa = PBXBuildFile; fileRef = 9B8F5CF11F77D37F00D4DFE6 /* ProfileViewController.swift */; };
		9B8F5CF61F77E0E100D4DFE6 /* ProfileMapTableViewCell.swift in Sources */ = {isa = PBXBuildFile; fileRef = 9B8F5CF41F77E0E100D4DFE6 /* ProfileMapTableViewCell.swift */; };
		9B8F5CF71F77E0E100D4DFE6 /* ProfileMapTableViewCell.xib in Resources */ = {isa = PBXBuildFile; fileRef = 9B8F5CF51F77E0E100D4DFE6 /* ProfileMapTableViewCell.xib */; };
		9B8F5CF91F77EF9A00D4DFE6 /* UIFont+Extension.swift in Sources */ = {isa = PBXBuildFile; fileRef = 9B8F5CF81F77EF9A00D4DFE6 /* UIFont+Extension.swift */; };
		9B8F5CFC1F77F2C700D4DFE6 /* ProfileViewTableViewCell.swift in Sources */ = {isa = PBXBuildFile; fileRef = 9B8F5CFA1F77F2C700D4DFE6 /* ProfileViewTableViewCell.swift */; };
		9B8F5CFD1F77F2C700D4DFE6 /* ProfileViewTableViewCell.xib in Resources */ = {isa = PBXBuildFile; fileRef = 9B8F5CFB1F77F2C700D4DFE6 /* ProfileViewTableViewCell.xib */; };
		9BB0A3631F90BFA200F65CE0 /* APIManager.swift in Sources */ = {isa = PBXBuildFile; fileRef = 9BB0A3621F90BFA200F65CE0 /* APIManager.swift */; };
		9BC6019A201ED958006DB20A /* EventDetails.swift in Sources */ = {isa = PBXBuildFile; fileRef = 9BC60199201ED958006DB20A /* EventDetails.swift */; };
		9BC6019E201EDBED006DB20A /* EventDate.swift in Sources */ = {isa = PBXBuildFile; fileRef = 9BC6019D201EDBED006DB20A /* EventDate.swift */; };
		9BC601A0201EDD61006DB20A /* BookedBooking.swift in Sources */ = {isa = PBXBuildFile; fileRef = 9BC6019F201EDD61006DB20A /* BookedBooking.swift */; };
		9BD02693201B001B002BC8E7 /* EditProfileViewController.swift in Sources */ = {isa = PBXBuildFile; fileRef = 9BD02692201B001B002BC8E7 /* EditProfileViewController.swift */; };
		9BD02697201B0107002BC8E7 /* EditProfileImageTableViewCell.swift in Sources */ = {isa = PBXBuildFile; fileRef = 9BD02695201B0107002BC8E7 /* EditProfileImageTableViewCell.swift */; };
		9BD02698201B0107002BC8E7 /* EditProfileImageTableViewCell.xib in Resources */ = {isa = PBXBuildFile; fileRef = 9BD02696201B0107002BC8E7 /* EditProfileImageTableViewCell.xib */; };
		9BD0269B201B2903002BC8E7 /* TextFieldTableViewCell.swift in Sources */ = {isa = PBXBuildFile; fileRef = 9BD02699201B2903002BC8E7 /* TextFieldTableViewCell.swift */; };
		9BD0269C201B2903002BC8E7 /* TextFieldTableViewCell.xib in Resources */ = {isa = PBXBuildFile; fileRef = 9BD0269A201B2903002BC8E7 /* TextFieldTableViewCell.xib */; };
		9BD0269F201B2E38002BC8E7 /* EditDescriptionTableViewCell.swift in Sources */ = {isa = PBXBuildFile; fileRef = 9BD0269D201B2E38002BC8E7 /* EditDescriptionTableViewCell.swift */; };
		9BD026A0201B2E38002BC8E7 /* EditDescriptionTableViewCell.xib in Resources */ = {isa = PBXBuildFile; fileRef = 9BD0269E201B2E38002BC8E7 /* EditDescriptionTableViewCell.xib */; };
		9BD1B7501F65335100B3A641 /* Main.storyboard in Resources */ = {isa = PBXBuildFile; fileRef = 9BD1B74E1F65335100B3A641 /* Main.storyboard */; };
		9BD1B7551F65335100B3A641 /* LaunchScreen.storyboard in Resources */ = {isa = PBXBuildFile; fileRef = 9BD1B7531F65335100B3A641 /* LaunchScreen.storyboard */; };
		9BD1B76B1F6533B500B3A641 /* AppDelegate.swift in Sources */ = {isa = PBXBuildFile; fileRef = 9BD1B75E1F6533B500B3A641 /* AppDelegate.swift */; };
		9BD1B76C1F6533B500B3A641 /* BaseViewController.swift in Sources */ = {isa = PBXBuildFile; fileRef = 9BD1B7601F6533B500B3A641 /* BaseViewController.swift */; };
		9BD1B76F1F6533F900B3A641 /* Assets.xcassets in Resources */ = {isa = PBXBuildFile; fileRef = 9BD1B76D1F6533F900B3A641 /* Assets.xcassets */; };
		9BD1B7701F6533F900B3A641 /* Info.plist in Resources */ = {isa = PBXBuildFile; fileRef = 9BD1B76E1F6533F900B3A641 /* Info.plist */; };
		9BD1B7721F65344300B3A641 /* LoginViewController.swift in Sources */ = {isa = PBXBuildFile; fileRef = 9BD1B7711F65344300B3A641 /* LoginViewController.swift */; };
		9BD1B7741F65346A00B3A641 /* EnumConstant.swift in Sources */ = {isa = PBXBuildFile; fileRef = 9BD1B7731F65346A00B3A641 /* EnumConstant.swift */; };
		9BD1B7761F6534AC00B3A641 /* NetworkManager.swift in Sources */ = {isa = PBXBuildFile; fileRef = 9BD1B7751F6534AC00B3A641 /* NetworkManager.swift */; };
		9BD1B7881F6534D800B3A641 /* OpenSans-Bold.ttf in Resources */ = {isa = PBXBuildFile; fileRef = 9BD1B77A1F6534D800B3A641 /* OpenSans-Bold.ttf */; };
		9BD1B7891F6534D800B3A641 /* OpenSans-BoldItalic.ttf in Resources */ = {isa = PBXBuildFile; fileRef = 9BD1B77B1F6534D800B3A641 /* OpenSans-BoldItalic.ttf */; };
		9BD1B78A1F6534D800B3A641 /* OpenSans-CondBold.ttf in Resources */ = {isa = PBXBuildFile; fileRef = 9BD1B77C1F6534D800B3A641 /* OpenSans-CondBold.ttf */; };
		9BD1B78B1F6534D800B3A641 /* OpenSans-CondLight.ttf in Resources */ = {isa = PBXBuildFile; fileRef = 9BD1B77D1F6534D800B3A641 /* OpenSans-CondLight.ttf */; };
		9BD1B78C1F6534D800B3A641 /* OpenSans-CondLightItalic.ttf in Resources */ = {isa = PBXBuildFile; fileRef = 9BD1B77E1F6534D800B3A641 /* OpenSans-CondLightItalic.ttf */; };
		9BD1B78D1F6534D800B3A641 /* OpenSans-ExtraBold.ttf in Resources */ = {isa = PBXBuildFile; fileRef = 9BD1B77F1F6534D800B3A641 /* OpenSans-ExtraBold.ttf */; };
		9BD1B78E1F6534D800B3A641 /* OpenSans-ExtraBoldItalic.ttf in Resources */ = {isa = PBXBuildFile; fileRef = 9BD1B7801F6534D800B3A641 /* OpenSans-ExtraBoldItalic.ttf */; };
		9BD1B78F1F6534D800B3A641 /* OpenSans-Italic.ttf in Resources */ = {isa = PBXBuildFile; fileRef = 9BD1B7811F6534D800B3A641 /* OpenSans-Italic.ttf */; };
		9BD1B7901F6534D800B3A641 /* OpenSans-Light.ttf in Resources */ = {isa = PBXBuildFile; fileRef = 9BD1B7821F6534D800B3A641 /* OpenSans-Light.ttf */; };
		9BD1B7911F6534D800B3A641 /* OpenSans-LightItalic.ttf in Resources */ = {isa = PBXBuildFile; fileRef = 9BD1B7831F6534D800B3A641 /* OpenSans-LightItalic.ttf */; };
		9BD1B7921F6534D800B3A641 /* OpenSans-Regular.ttf in Resources */ = {isa = PBXBuildFile; fileRef = 9BD1B7841F6534D800B3A641 /* OpenSans-Regular.ttf */; };
		9BD1B7931F6534D800B3A641 /* OpenSans-Semibold.ttf in Resources */ = {isa = PBXBuildFile; fileRef = 9BD1B7851F6534D800B3A641 /* OpenSans-Semibold.ttf */; };
		9BD1B7941F6534D800B3A641 /* OpenSans-SemiboldItalic.ttf in Resources */ = {isa = PBXBuildFile; fileRef = 9BD1B7861F6534D800B3A641 /* OpenSans-SemiboldItalic.ttf */; };
		9BD1B7951F6534D800B3A641 /* readme.txt in Resources */ = {isa = PBXBuildFile; fileRef = 9BD1B7871F6534D800B3A641 /* readme.txt */; };
		9BD1B7971F65351200B3A641 /* UIColor+Extension.swift in Sources */ = {isa = PBXBuildFile; fileRef = 9BD1B7961F65351200B3A641 /* UIColor+Extension.swift */; };
		9BD1B7991F65354700B3A641 /* AppUser.swift in Sources */ = {isa = PBXBuildFile; fileRef = 9BD1B7981F65354700B3A641 /* AppUser.swift */; };
		9BD1B79B1F65360C00B3A641 /* DatabaseHandler.swift in Sources */ = {isa = PBXBuildFile; fileRef = 9BD1B79A1F65360C00B3A641 /* DatabaseHandler.swift */; };
		9BEE2DF81F797B8300EBEB64 /* MessageViewController.swift in Sources */ = {isa = PBXBuildFile; fileRef = 9BEE2DF71F797B8300EBEB64 /* MessageViewController.swift */; };
		9BEE2DFA1F797BB100EBEB64 /* Chat.storyboard in Resources */ = {isa = PBXBuildFile; fileRef = 9BEE2DF91F797BB100EBEB64 /* Chat.storyboard */; };
		9BEE2DFE1F797D1E00EBEB64 /* MessgaeTableViewCell.swift in Sources */ = {isa = PBXBuildFile; fileRef = 9BEE2DFC1F797D1E00EBEB64 /* MessgaeTableViewCell.swift */; };
		9BEE2DFF1F797D1E00EBEB64 /* MessgaeTableViewCell.xib in Resources */ = {isa = PBXBuildFile; fileRef = 9BEE2DFD1F797D1E00EBEB64 /* MessgaeTableViewCell.xib */; };
		9BF8B0C52013C64A00C73BD4 /* UITextField+Extension.swift in Sources */ = {isa = PBXBuildFile; fileRef = 9BF8B0C42013C64A00C73BD4 /* UITextField+Extension.swift */; };
		9BF8B0C820141F3A00C73BD4 /* CustomTextField.swift in Sources */ = {isa = PBXBuildFile; fileRef = 9BF8B0C720141F3A00C73BD4 /* CustomTextField.swift */; };
		9BF8B0CA2014401E00C73BD4 /* UIButton+Extension.swift in Sources */ = {isa = PBXBuildFile; fileRef = 9BF8B0C92014401E00C73BD4 /* UIButton+Extension.swift */; };
		9BF8B0CD201447DA00C73BD4 /* HoursProgressTableViewCell.swift in Sources */ = {isa = PBXBuildFile; fileRef = 9BF8B0CB201447DA00C73BD4 /* HoursProgressTableViewCell.swift */; };
		9BF8B0CE201447DA00C73BD4 /* HoursProgressTableViewCell.xib in Resources */ = {isa = PBXBuildFile; fileRef = 9BF8B0CC201447DA00C73BD4 /* HoursProgressTableViewCell.xib */; };
		9BF9C12F1F653F2E0092DB80 /* PaymentPlanViewController.swift in Sources */ = {isa = PBXBuildFile; fileRef = 9BF9C12E1F653F2E0092DB80 /* PaymentPlanViewController.swift */; };
		9BF9C1311F653FCA0092DB80 /* StringConstant.swift in Sources */ = {isa = PBXBuildFile; fileRef = 9BF9C1301F653FCA0092DB80 /* StringConstant.swift */; };
		9BF9C1351F6541180092DB80 /* TextWithIconTableViewCell.swift in Sources */ = {isa = PBXBuildFile; fileRef = 9BF9C1331F6541180092DB80 /* TextWithIconTableViewCell.swift */; };
		9BF9C1361F6541180092DB80 /* TextWithIconTableViewCell.xib in Resources */ = {isa = PBXBuildFile; fileRef = 9BF9C1341F6541180092DB80 /* TextWithIconTableViewCell.xib */; };
		9BF9C1381F6542830092DB80 /* UIColor+HexColor.swift in Sources */ = {isa = PBXBuildFile; fileRef = 9BF9C1371F6542830092DB80 /* UIColor+HexColor.swift */; };
		9BF9C13A1F6550200092DB80 /* PaymentPlanSectionHearder.swift in Sources */ = {isa = PBXBuildFile; fileRef = 9BF9C1391F6550200092DB80 /* PaymentPlanSectionHearder.swift */; };
		9BF9C13C1F6550B50092DB80 /* PaymentPlanSectionHearder.xib in Resources */ = {isa = PBXBuildFile; fileRef = 9BF9C13B1F6550B50092DB80 /* PaymentPlanSectionHearder.xib */; };
		9BF9C13F1F655B020092DB80 /* OutlineButtonTableViewCell.swift in Sources */ = {isa = PBXBuildFile; fileRef = 9BF9C13D1F655B020092DB80 /* OutlineButtonTableViewCell.swift */; };
		9BF9C1401F655B020092DB80 /* OutlineButtonTableViewCell.xib in Resources */ = {isa = PBXBuildFile; fileRef = 9BF9C13E1F655B020092DB80 /* OutlineButtonTableViewCell.xib */; };
		9BF9C1421F655F0E0092DB80 /* UIView+Extension.swift in Sources */ = {isa = PBXBuildFile; fileRef = 9BF9C1411F655F0E0092DB80 /* UIView+Extension.swift */; };
/* End PBXBuildFile section */

/* Begin PBXFileReference section */
		1708AE682005CEF800CAFD36 /* OpportunityPosts.swift */ = {isa = PBXFileReference; fileEncoding = 4; lastKnownFileType = sourcecode.swift; path = OpportunityPosts.swift; sourceTree = "<group>"; };
		1708AE6A2005D09F00CAFD36 /* PostResponse.swift */ = {isa = PBXFileReference; fileEncoding = 4; lastKnownFileType = sourcecode.swift; path = PostResponse.swift; sourceTree = "<group>"; };
		1714A72A1F6E257B00C9BB17 /* Base */ = {isa = PBXFileReference; lastKnownFileType = file.storyboard; name = Base; path = Base.lproj/Login.storyboard; sourceTree = "<group>"; };
		1714A72C1F6E293100C9BB17 /* RegisterViewController.swift */ = {isa = PBXFileReference; fileEncoding = 4; lastKnownFileType = sourcecode.swift; path = RegisterViewController.swift; sourceTree = "<group>"; };
		1714A72E1F6E295400C9BB17 /* LoginSignUpViewController.swift */ = {isa = PBXFileReference; fileEncoding = 4; lastKnownFileType = sourcecode.swift; path = LoginSignUpViewController.swift; sourceTree = "<group>"; };
		174F944C200BA66D001F7351 /* AddBookingViewController.swift */ = {isa = PBXFileReference; fileEncoding = 4; lastKnownFileType = sourcecode.swift; path = AddBookingViewController.swift; sourceTree = "<group>"; };
		17871756200A7D4000F1213B /* ProfileResponse.swift */ = {isa = PBXFileReference; fileEncoding = 4; lastKnownFileType = sourcecode.swift; path = ProfileResponse.swift; sourceTree = "<group>"; };
		2C295DA423BFA74667E88197 /* Pods_Vome.framework */ = {isa = PBXFileReference; explicitFileType = wrapper.framework; includeInIndex = 0; path = Pods_Vome.framework; sourceTree = BUILT_PRODUCTS_DIR; };
		7ED19A6D804F7A8EC9B63BE6 /* Pods-Vome.release.xcconfig */ = {isa = PBXFileReference; includeInIndex = 1; lastKnownFileType = text.xcconfig; name = "Pods-Vome.release.xcconfig"; path = "Pods/Target Support Files/Pods-Vome/Pods-Vome.release.xcconfig"; sourceTree = "<group>"; };
		8A0692D6E13FFF2B314AE027 /* Pods-Vome.debug.xcconfig */ = {isa = PBXFileReference; includeInIndex = 1; lastKnownFileType = text.xcconfig; name = "Pods-Vome.debug.xcconfig"; path = "Pods/Target Support Files/Pods-Vome/Pods-Vome.debug.xcconfig"; sourceTree = "<group>"; };
		9B367F5B200B2E710060C0A7 /* CustomSegmentedControl.swift */ = {isa = PBXFileReference; fileEncoding = 4; lastKnownFileType = sourcecode.swift; path = CustomSegmentedControl.swift; sourceTree = "<group>"; };
		9B367F5F200B39A00060C0A7 /* VolunteerProfileViewController.swift */ = {isa = PBXFileReference; fileEncoding = 4; lastKnownFileType = sourcecode.swift; path = VolunteerProfileViewController.swift; sourceTree = "<group>"; };
		9B367F61200B85910060C0A7 /* UserInterest.swift */ = {isa = PBXFileReference; fileEncoding = 4; lastKnownFileType = sourcecode.swift; path = UserInterest.swift; sourceTree = "<group>"; };
		9B367F63200B86B70060C0A7 /* Organization.swift */ = {isa = PBXFileReference; fileEncoding = 4; lastKnownFileType = sourcecode.swift; path = Organization.swift; sourceTree = "<group>"; };
		9B367F65200B8F5A0060C0A7 /* VolunteerProfileTableViewCell.swift */ = {isa = PBXFileReference; fileEncoding = 4; lastKnownFileType = sourcecode.swift; path = VolunteerProfileTableViewCell.swift; sourceTree = "<group>"; };
		9B367F66200B8F5A0060C0A7 /* VolunteerProfileTableViewCell.xib */ = {isa = PBXFileReference; fileEncoding = 4; lastKnownFileType = file.xib; path = VolunteerProfileTableViewCell.xib; sourceTree = "<group>"; };
		9B367F6B200B96530060C0A7 /* UIImageView+Extension.swift */ = {isa = PBXFileReference; fileEncoding = 4; lastKnownFileType = sourcecode.swift; path = "UIImageView+Extension.swift"; sourceTree = "<group>"; };
		9B383AAC1F6D4D6900C7FAA6 /* AppNavigation.swift */ = {isa = PBXFileReference; fileEncoding = 4; lastKnownFileType = sourcecode.swift; path = AppNavigation.swift; sourceTree = "<group>"; };
		9B383AAE1F6D4E9900C7FAA6 /* StoryBoardIdentifier.swift */ = {isa = PBXFileReference; fileEncoding = 4; lastKnownFileType = sourcecode.swift; path = StoryBoardIdentifier.swift; sourceTree = "<group>"; };
		9B383AB21F6D517700C7FAA6 /* OpportunityBoardViewController.swift */ = {isa = PBXFileReference; fileEncoding = 4; lastKnownFileType = sourcecode.swift; path = OpportunityBoardViewController.swift; sourceTree = "<group>"; };
		9B383AB41F6D590A00C7FAA6 /* OpportunityBoardTableViewCell.swift */ = {isa = PBXFileReference; fileEncoding = 4; lastKnownFileType = sourcecode.swift; path = OpportunityBoardTableViewCell.swift; sourceTree = "<group>"; };
		9B383AB51F6D590A00C7FAA6 /* OpportunityBoardTableViewCell.xib */ = {isa = PBXFileReference; fileEncoding = 4; lastKnownFileType = file.xib; path = OpportunityBoardTableViewCell.xib; sourceTree = "<group>"; };
		9B5606031FE2308F00C0FD50 /* Utility.swift */ = {isa = PBXFileReference; fileEncoding = 4; lastKnownFileType = sourcecode.swift; path = Utility.swift; sourceTree = "<group>"; };
		9B5606061FE231FF00C0FD50 /* NotificationCenter.swift */ = {isa = PBXFileReference; fileEncoding = 4; lastKnownFileType = sourcecode.swift; path = NotificationCenter.swift; sourceTree = "<group>"; };
		9B5606081FE2333800C0FD50 /* Global.swift */ = {isa = PBXFileReference; fileEncoding = 4; lastKnownFileType = sourcecode.swift; path = Global.swift; sourceTree = "<group>"; };
		9B56060A1FE2349500C0FD50 /* ErrorResponse.swift */ = {isa = PBXFileReference; fileEncoding = 4; lastKnownFileType = sourcecode.swift; path = ErrorResponse.swift; sourceTree = "<group>"; };
		9B56060C1FE241A100C0FD50 /* LoginToken.swift */ = {isa = PBXFileReference; fileEncoding = 4; lastKnownFileType = sourcecode.swift; path = LoginToken.swift; sourceTree = "<group>"; };
		9B6DC6E31FE6910C008EFE57 /* Validation.swift */ = {isa = PBXFileReference; fileEncoding = 4; lastKnownFileType = sourcecode.swift; path = Validation.swift; sourceTree = "<group>"; };
		9B77ABB31F7813D4005303D6 /* CheckInViewController.swift */ = {isa = PBXFileReference; fileEncoding = 4; lastKnownFileType = sourcecode.swift; path = CheckInViewController.swift; sourceTree = "<group>"; };
		9B8F5CDD1F779C2E00D4DFE6 /* DrawerMenuViewController.swift */ = {isa = PBXFileReference; fileEncoding = 4; lastKnownFileType = sourcecode.swift; path = DrawerMenuViewController.swift; sourceTree = "<group>"; };
		9B8F5CDF1F77A00000D4DFE6 /* LeftViewController.swift */ = {isa = PBXFileReference; fileEncoding = 4; lastKnownFileType = sourcecode.swift; path = LeftViewController.swift; sourceTree = "<group>"; };
		9B8F5CE21F77A25900D4DFE6 /* ImageHeaderView.swift */ = {isa = PBXFileReference; fileEncoding = 4; lastKnownFileType = sourcecode.swift; path = ImageHeaderView.swift; sourceTree = "<group>"; };
		9B8F5CE31F77A25900D4DFE6 /* ImageHeaderView.xib */ = {isa = PBXFileReference; fileEncoding = 4; lastKnownFileType = file.xib; path = ImageHeaderView.xib; sourceTree = "<group>"; };
		9B8F5CE61F77A4A000D4DFE6 /* UITableView+Extension.swift */ = {isa = PBXFileReference; fileEncoding = 4; lastKnownFileType = sourcecode.swift; path = "UITableView+Extension.swift"; sourceTree = "<group>"; };
		9B8F5CE81F77A4F900D4DFE6 /* String+Extension.swift */ = {isa = PBXFileReference; fileEncoding = 4; lastKnownFileType = sourcecode.swift; path = "String+Extension.swift"; sourceTree = "<group>"; };
		9B8F5CEA1F77AC0200D4DFE6 /* UIViewController+Extension.swift */ = {isa = PBXFileReference; fileEncoding = 4; lastKnownFileType = sourcecode.swift; path = "UIViewController+Extension.swift"; sourceTree = "<group>"; };
		9B8F5CEC1F77C78800D4DFE6 /* MenuTableViewCell.swift */ = {isa = PBXFileReference; fileEncoding = 4; lastKnownFileType = sourcecode.swift; path = MenuTableViewCell.swift; sourceTree = "<group>"; };
		9B8F5CED1F77C78800D4DFE6 /* MenuTableViewCell.xib */ = {isa = PBXFileReference; fileEncoding = 4; lastKnownFileType = file.xib; path = MenuTableViewCell.xib; sourceTree = "<group>"; };
		9B8F5CF11F77D37F00D4DFE6 /* ProfileViewController.swift */ = {isa = PBXFileReference; fileEncoding = 4; lastKnownFileType = sourcecode.swift; path = ProfileViewController.swift; sourceTree = "<group>"; };
		9B8F5CF41F77E0E100D4DFE6 /* ProfileMapTableViewCell.swift */ = {isa = PBXFileReference; fileEncoding = 4; lastKnownFileType = sourcecode.swift; path = ProfileMapTableViewCell.swift; sourceTree = "<group>"; };
		9B8F5CF51F77E0E100D4DFE6 /* ProfileMapTableViewCell.xib */ = {isa = PBXFileReference; fileEncoding = 4; lastKnownFileType = file.xib; path = ProfileMapTableViewCell.xib; sourceTree = "<group>"; };
		9B8F5CF81F77EF9A00D4DFE6 /* UIFont+Extension.swift */ = {isa = PBXFileReference; fileEncoding = 4; lastKnownFileType = sourcecode.swift; path = "UIFont+Extension.swift"; sourceTree = "<group>"; };
		9B8F5CFA1F77F2C700D4DFE6 /* ProfileViewTableViewCell.swift */ = {isa = PBXFileReference; fileEncoding = 4; lastKnownFileType = sourcecode.swift; path = ProfileViewTableViewCell.swift; sourceTree = "<group>"; };
		9B8F5CFB1F77F2C700D4DFE6 /* ProfileViewTableViewCell.xib */ = {isa = PBXFileReference; fileEncoding = 4; lastKnownFileType = file.xib; path = ProfileViewTableViewCell.xib; sourceTree = "<group>"; };
		9BB0A3621F90BFA200F65CE0 /* APIManager.swift */ = {isa = PBXFileReference; fileEncoding = 4; lastKnownFileType = sourcecode.swift; path = APIManager.swift; sourceTree = "<group>"; };
		9BC60199201ED958006DB20A /* EventDetails.swift */ = {isa = PBXFileReference; fileEncoding = 4; lastKnownFileType = sourcecode.swift; path = EventDetails.swift; sourceTree = "<group>"; };
		9BC6019D201EDBED006DB20A /* EventDate.swift */ = {isa = PBXFileReference; fileEncoding = 4; lastKnownFileType = sourcecode.swift; path = EventDate.swift; sourceTree = "<group>"; };
		9BC6019F201EDD61006DB20A /* BookedBooking.swift */ = {isa = PBXFileReference; fileEncoding = 4; lastKnownFileType = sourcecode.swift; path = BookedBooking.swift; sourceTree = "<group>"; };
		9BD02692201B001B002BC8E7 /* EditProfileViewController.swift */ = {isa = PBXFileReference; fileEncoding = 4; lastKnownFileType = sourcecode.swift; path = EditProfileViewController.swift; sourceTree = "<group>"; };
		9BD02695201B0107002BC8E7 /* EditProfileImageTableViewCell.swift */ = {isa = PBXFileReference; fileEncoding = 4; lastKnownFileType = sourcecode.swift; path = EditProfileImageTableViewCell.swift; sourceTree = "<group>"; };
		9BD02696201B0107002BC8E7 /* EditProfileImageTableViewCell.xib */ = {isa = PBXFileReference; fileEncoding = 4; lastKnownFileType = file.xib; path = EditProfileImageTableViewCell.xib; sourceTree = "<group>"; };
		9BD02699201B2903002BC8E7 /* TextFieldTableViewCell.swift */ = {isa = PBXFileReference; fileEncoding = 4; lastKnownFileType = sourcecode.swift; path = TextFieldTableViewCell.swift; sourceTree = "<group>"; };
		9BD0269A201B2903002BC8E7 /* TextFieldTableViewCell.xib */ = {isa = PBXFileReference; fileEncoding = 4; lastKnownFileType = file.xib; path = TextFieldTableViewCell.xib; sourceTree = "<group>"; };
		9BD0269D201B2E38002BC8E7 /* EditDescriptionTableViewCell.swift */ = {isa = PBXFileReference; fileEncoding = 4; lastKnownFileType = sourcecode.swift; path = EditDescriptionTableViewCell.swift; sourceTree = "<group>"; };
		9BD0269E201B2E38002BC8E7 /* EditDescriptionTableViewCell.xib */ = {isa = PBXFileReference; fileEncoding = 4; lastKnownFileType = file.xib; path = EditDescriptionTableViewCell.xib; sourceTree = "<group>"; };
		9BD1B7471F65335100B3A641 /* Vome.app */ = {isa = PBXFileReference; explicitFileType = wrapper.application; includeInIndex = 0; path = Vome.app; sourceTree = BUILT_PRODUCTS_DIR; };
		9BD1B74F1F65335100B3A641 /* Base */ = {isa = PBXFileReference; lastKnownFileType = file.storyboard; name = Base; path = Base.lproj/Main.storyboard; sourceTree = "<group>"; };
		9BD1B7541F65335100B3A641 /* Base */ = {isa = PBXFileReference; lastKnownFileType = file.storyboard; name = Base; path = Base.lproj/LaunchScreen.storyboard; sourceTree = "<group>"; };
		9BD1B75E1F6533B500B3A641 /* AppDelegate.swift */ = {isa = PBXFileReference; fileEncoding = 4; lastKnownFileType = sourcecode.swift; path = AppDelegate.swift; sourceTree = "<group>"; };
		9BD1B7601F6533B500B3A641 /* BaseViewController.swift */ = {isa = PBXFileReference; fileEncoding = 4; lastKnownFileType = sourcecode.swift; path = BaseViewController.swift; sourceTree = "<group>"; };
		9BD1B76D1F6533F900B3A641 /* Assets.xcassets */ = {isa = PBXFileReference; lastKnownFileType = folder.assetcatalog; path = Assets.xcassets; sourceTree = "<group>"; };
		9BD1B76E1F6533F900B3A641 /* Info.plist */ = {isa = PBXFileReference; fileEncoding = 4; lastKnownFileType = text.plist.xml; path = Info.plist; sourceTree = "<group>"; };
		9BD1B7711F65344300B3A641 /* LoginViewController.swift */ = {isa = PBXFileReference; fileEncoding = 4; lastKnownFileType = sourcecode.swift; path = LoginViewController.swift; sourceTree = "<group>"; };
		9BD1B7731F65346A00B3A641 /* EnumConstant.swift */ = {isa = PBXFileReference; fileEncoding = 4; lastKnownFileType = sourcecode.swift; path = EnumConstant.swift; sourceTree = "<group>"; };
		9BD1B7751F6534AC00B3A641 /* NetworkManager.swift */ = {isa = PBXFileReference; fileEncoding = 4; lastKnownFileType = sourcecode.swift; path = NetworkManager.swift; sourceTree = "<group>"; };
		9BD1B77A1F6534D800B3A641 /* OpenSans-Bold.ttf */ = {isa = PBXFileReference; lastKnownFileType = file; path = "OpenSans-Bold.ttf"; sourceTree = "<group>"; };
		9BD1B77B1F6534D800B3A641 /* OpenSans-BoldItalic.ttf */ = {isa = PBXFileReference; lastKnownFileType = file; path = "OpenSans-BoldItalic.ttf"; sourceTree = "<group>"; };
		9BD1B77C1F6534D800B3A641 /* OpenSans-CondBold.ttf */ = {isa = PBXFileReference; lastKnownFileType = file; path = "OpenSans-CondBold.ttf"; sourceTree = "<group>"; };
		9BD1B77D1F6534D800B3A641 /* OpenSans-CondLight.ttf */ = {isa = PBXFileReference; lastKnownFileType = file; path = "OpenSans-CondLight.ttf"; sourceTree = "<group>"; };
		9BD1B77E1F6534D800B3A641 /* OpenSans-CondLightItalic.ttf */ = {isa = PBXFileReference; lastKnownFileType = file; path = "OpenSans-CondLightItalic.ttf"; sourceTree = "<group>"; };
		9BD1B77F1F6534D800B3A641 /* OpenSans-ExtraBold.ttf */ = {isa = PBXFileReference; lastKnownFileType = file; path = "OpenSans-ExtraBold.ttf"; sourceTree = "<group>"; };
		9BD1B7801F6534D800B3A641 /* OpenSans-ExtraBoldItalic.ttf */ = {isa = PBXFileReference; lastKnownFileType = file; path = "OpenSans-ExtraBoldItalic.ttf"; sourceTree = "<group>"; };
		9BD1B7811F6534D800B3A641 /* OpenSans-Italic.ttf */ = {isa = PBXFileReference; lastKnownFileType = file; path = "OpenSans-Italic.ttf"; sourceTree = "<group>"; };
		9BD1B7821F6534D800B3A641 /* OpenSans-Light.ttf */ = {isa = PBXFileReference; lastKnownFileType = file; path = "OpenSans-Light.ttf"; sourceTree = "<group>"; };
		9BD1B7831F6534D800B3A641 /* OpenSans-LightItalic.ttf */ = {isa = PBXFileReference; lastKnownFileType = file; path = "OpenSans-LightItalic.ttf"; sourceTree = "<group>"; };
		9BD1B7841F6534D800B3A641 /* OpenSans-Regular.ttf */ = {isa = PBXFileReference; lastKnownFileType = file; path = "OpenSans-Regular.ttf"; sourceTree = "<group>"; };
		9BD1B7851F6534D800B3A641 /* OpenSans-Semibold.ttf */ = {isa = PBXFileReference; lastKnownFileType = file; path = "OpenSans-Semibold.ttf"; sourceTree = "<group>"; };
		9BD1B7861F6534D800B3A641 /* OpenSans-SemiboldItalic.ttf */ = {isa = PBXFileReference; lastKnownFileType = file; path = "OpenSans-SemiboldItalic.ttf"; sourceTree = "<group>"; };
		9BD1B7871F6534D800B3A641 /* readme.txt */ = {isa = PBXFileReference; fileEncoding = 4; lastKnownFileType = text; path = readme.txt; sourceTree = "<group>"; };
		9BD1B7961F65351200B3A641 /* UIColor+Extension.swift */ = {isa = PBXFileReference; fileEncoding = 4; lastKnownFileType = sourcecode.swift; path = "UIColor+Extension.swift"; sourceTree = "<group>"; };
		9BD1B7981F65354700B3A641 /* AppUser.swift */ = {isa = PBXFileReference; fileEncoding = 4; lastKnownFileType = sourcecode.swift; path = AppUser.swift; sourceTree = "<group>"; };
		9BD1B79A1F65360C00B3A641 /* DatabaseHandler.swift */ = {isa = PBXFileReference; fileEncoding = 4; lastKnownFileType = sourcecode.swift; path = DatabaseHandler.swift; sourceTree = "<group>"; };
		9BEE2DF71F797B8300EBEB64 /* MessageViewController.swift */ = {isa = PBXFileReference; fileEncoding = 4; lastKnownFileType = sourcecode.swift; path = MessageViewController.swift; sourceTree = "<group>"; };
		9BEE2DF91F797BB100EBEB64 /* Chat.storyboard */ = {isa = PBXFileReference; fileEncoding = 4; lastKnownFileType = file.storyboard; path = Chat.storyboard; sourceTree = "<group>"; };
		9BEE2DFC1F797D1E00EBEB64 /* MessgaeTableViewCell.swift */ = {isa = PBXFileReference; fileEncoding = 4; lastKnownFileType = sourcecode.swift; path = MessgaeTableViewCell.swift; sourceTree = "<group>"; };
		9BEE2DFD1F797D1E00EBEB64 /* MessgaeTableViewCell.xib */ = {isa = PBXFileReference; fileEncoding = 4; lastKnownFileType = file.xib; path = MessgaeTableViewCell.xib; sourceTree = "<group>"; };
		9BF8B0C42013C64A00C73BD4 /* UITextField+Extension.swift */ = {isa = PBXFileReference; fileEncoding = 4; lastKnownFileType = sourcecode.swift; path = "UITextField+Extension.swift"; sourceTree = "<group>"; };
		9BF8B0C720141F3A00C73BD4 /* CustomTextField.swift */ = {isa = PBXFileReference; fileEncoding = 4; lastKnownFileType = sourcecode.swift; path = CustomTextField.swift; sourceTree = "<group>"; };
		9BF8B0C92014401E00C73BD4 /* UIButton+Extension.swift */ = {isa = PBXFileReference; fileEncoding = 4; lastKnownFileType = sourcecode.swift; path = "UIButton+Extension.swift"; sourceTree = "<group>"; };
		9BF8B0CB201447DA00C73BD4 /* HoursProgressTableViewCell.swift */ = {isa = PBXFileReference; fileEncoding = 4; lastKnownFileType = sourcecode.swift; path = HoursProgressTableViewCell.swift; sourceTree = "<group>"; };
		9BF8B0CC201447DA00C73BD4 /* HoursProgressTableViewCell.xib */ = {isa = PBXFileReference; fileEncoding = 4; lastKnownFileType = file.xib; path = HoursProgressTableViewCell.xib; sourceTree = "<group>"; };
		9BF9C12E1F653F2E0092DB80 /* PaymentPlanViewController.swift */ = {isa = PBXFileReference; fileEncoding = 4; lastKnownFileType = sourcecode.swift; path = PaymentPlanViewController.swift; sourceTree = "<group>"; };
		9BF9C1301F653FCA0092DB80 /* StringConstant.swift */ = {isa = PBXFileReference; fileEncoding = 4; lastKnownFileType = sourcecode.swift; path = StringConstant.swift; sourceTree = "<group>"; };
		9BF9C1331F6541180092DB80 /* TextWithIconTableViewCell.swift */ = {isa = PBXFileReference; fileEncoding = 4; lastKnownFileType = sourcecode.swift; path = TextWithIconTableViewCell.swift; sourceTree = "<group>"; };
		9BF9C1341F6541180092DB80 /* TextWithIconTableViewCell.xib */ = {isa = PBXFileReference; fileEncoding = 4; lastKnownFileType = file.xib; path = TextWithIconTableViewCell.xib; sourceTree = "<group>"; };
		9BF9C1371F6542830092DB80 /* UIColor+HexColor.swift */ = {isa = PBXFileReference; fileEncoding = 4; lastKnownFileType = sourcecode.swift; path = "UIColor+HexColor.swift"; sourceTree = "<group>"; };
		9BF9C1391F6550200092DB80 /* PaymentPlanSectionHearder.swift */ = {isa = PBXFileReference; fileEncoding = 4; lastKnownFileType = sourcecode.swift; path = PaymentPlanSectionHearder.swift; sourceTree = "<group>"; };
		9BF9C13B1F6550B50092DB80 /* PaymentPlanSectionHearder.xib */ = {isa = PBXFileReference; fileEncoding = 4; lastKnownFileType = file.xib; path = PaymentPlanSectionHearder.xib; sourceTree = "<group>"; };
		9BF9C13D1F655B020092DB80 /* OutlineButtonTableViewCell.swift */ = {isa = PBXFileReference; fileEncoding = 4; lastKnownFileType = sourcecode.swift; path = OutlineButtonTableViewCell.swift; sourceTree = "<group>"; };
		9BF9C13E1F655B020092DB80 /* OutlineButtonTableViewCell.xib */ = {isa = PBXFileReference; fileEncoding = 4; lastKnownFileType = file.xib; path = OutlineButtonTableViewCell.xib; sourceTree = "<group>"; };
		9BF9C1411F655F0E0092DB80 /* UIView+Extension.swift */ = {isa = PBXFileReference; fileEncoding = 4; lastKnownFileType = sourcecode.swift; path = "UIView+Extension.swift"; sourceTree = "<group>"; };
/* End PBXFileReference section */

/* Begin PBXFrameworksBuildPhase section */
		9BD1B7441F65335100B3A641 /* Frameworks */ = {
			isa = PBXFrameworksBuildPhase;
			buildActionMask = 2147483647;
			files = (
				6444463AEBC5AD93872C8B96 /* Pods_Vome.framework in Frameworks */,
			);
			runOnlyForDeploymentPostprocessing = 0;
		};
/* End PBXFrameworksBuildPhase section */

/* Begin PBXGroup section */
		174F944B200BA637001F7351 /* AddBooking */ = {
			isa = PBXGroup;
			children = (
				174F944C200BA66D001F7351 /* AddBookingViewController.swift */,
			);
			name = AddBooking;
			sourceTree = "<group>";
		};
		43AF07283CCAAB6121506256 /* Frameworks */ = {
			isa = PBXGroup;
			children = (
				2C295DA423BFA74667E88197 /* Pods_Vome.framework */,
			);
			name = Frameworks;
			sourceTree = "<group>";
		};
		6A949624AFD2CE1D7C8079D2 /* Pods */ = {
			isa = PBXGroup;
			children = (
				8A0692D6E13FFF2B314AE027 /* Pods-Vome.debug.xcconfig */,
				7ED19A6D804F7A8EC9B63BE6 /* Pods-Vome.release.xcconfig */,
			);
			name = Pods;
			sourceTree = "<group>";
		};
		9B383AAB1F6D4D3D00C7FAA6 /* General */ = {
			isa = PBXGroup;
			children = (
				9B383AAC1F6D4D6900C7FAA6 /* AppNavigation.swift */,
				9B5606031FE2308F00C0FD50 /* Utility.swift */,
				9B5606081FE2333800C0FD50 /* Global.swift */,
				9B6DC6E31FE6910C008EFE57 /* Validation.swift */,
			);
			path = General;
			sourceTree = "<group>";
		};
		9B383AB01F6D50F000C7FAA6 /* OpportunityBoard */ = {
			isa = PBXGroup;
			children = (
				9B383AB11F6D50F000C7FAA6 /* Cells */,
				9B383AB21F6D517700C7FAA6 /* OpportunityBoardViewController.swift */,
			);
			path = OpportunityBoard;
			sourceTree = "<group>";
		};
		9B383AB11F6D50F000C7FAA6 /* Cells */ = {
			isa = PBXGroup;
			children = (
				9B383AB41F6D590A00C7FAA6 /* OpportunityBoardTableViewCell.swift */,
				9B383AB51F6D590A00C7FAA6 /* OpportunityBoardTableViewCell.xib */,
			);
			path = Cells;
			sourceTree = "<group>";
		};
		9B5606051FE231D000C0FD50 /* Notification */ = {
			isa = PBXGroup;
			children = (
				9B5606061FE231FF00C0FD50 /* NotificationCenter.swift */,
			);
			name = Notification;
			sourceTree = "<group>";
		};
		9B77ABB21F7813B1005303D6 /* CheckIn */ = {
			isa = PBXGroup;
			children = (
				9B77ABB31F7813D4005303D6 /* CheckInViewController.swift */,
			);
			path = CheckIn;
			sourceTree = "<group>";
		};
		9B8F5CDC1F779C1600D4DFE6 /* DrawerMenu */ = {
			isa = PBXGroup;
			children = (
				9B8F5CDD1F779C2E00D4DFE6 /* DrawerMenuViewController.swift */,
				9B8F5CDF1F77A00000D4DFE6 /* LeftViewController.swift */,
				9B8F5CE11F77A24600D4DFE6 /* Views */,
			);
			path = DrawerMenu;
			sourceTree = "<group>";
		};
		9B8F5CE11F77A24600D4DFE6 /* Views */ = {
			isa = PBXGroup;
			children = (
				9B8F5CE21F77A25900D4DFE6 /* ImageHeaderView.swift */,
				9B8F5CE31F77A25900D4DFE6 /* ImageHeaderView.xib */,
				9B8F5CEC1F77C78800D4DFE6 /* MenuTableViewCell.swift */,
				9B8F5CED1F77C78800D4DFE6 /* MenuTableViewCell.xib */,
			);
			path = Views;
			sourceTree = "<group>";
		};
		9B8F5CF01F77D35E00D4DFE6 /* Profile */ = {
			isa = PBXGroup;
			children = (
				9B8F5CF31F77E0AE00D4DFE6 /* Views */,
				9B8F5CF11F77D37F00D4DFE6 /* ProfileViewController.swift */,
				9B367F5F200B39A00060C0A7 /* VolunteerProfileViewController.swift */,
			);
			path = Profile;
			sourceTree = "<group>";
		};
		9B8F5CF31F77E0AE00D4DFE6 /* Views */ = {
			isa = PBXGroup;
			children = (
				9B8F5CF41F77E0E100D4DFE6 /* ProfileMapTableViewCell.swift */,
				9B8F5CF51F77E0E100D4DFE6 /* ProfileMapTableViewCell.xib */,
				9B367F65200B8F5A0060C0A7 /* VolunteerProfileTableViewCell.swift */,
				9B367F66200B8F5A0060C0A7 /* VolunteerProfileTableViewCell.xib */,
				9B8F5CFA1F77F2C700D4DFE6 /* ProfileViewTableViewCell.swift */,
				9B8F5CFB1F77F2C700D4DFE6 /* ProfileViewTableViewCell.xib */,
				9BF8B0CB201447DA00C73BD4 /* HoursProgressTableViewCell.swift */,
				9BF8B0CC201447DA00C73BD4 /* HoursProgressTableViewCell.xib */,
			);
			path = Views;
			sourceTree = "<group>";
		};
		9BD02690201AFFD5002BC8E7 /* Settings */ = {
			isa = PBXGroup;
			children = (
				9BD02691201AFFEF002BC8E7 /* EditProfile */,
			);
			path = Settings;
			sourceTree = "<group>";
		};
		9BD02691201AFFEF002BC8E7 /* EditProfile */ = {
			isa = PBXGroup;
			children = (
				9BD02694201B009D002BC8E7 /* Cells */,
				9BD02692201B001B002BC8E7 /* EditProfileViewController.swift */,
			);
			path = EditProfile;
			sourceTree = "<group>";
		};
		9BD02694201B009D002BC8E7 /* Cells */ = {
			isa = PBXGroup;
			children = (
				9BD02695201B0107002BC8E7 /* EditProfileImageTableViewCell.swift */,
				9BD02696201B0107002BC8E7 /* EditProfileImageTableViewCell.xib */,
				9BD02699201B2903002BC8E7 /* TextFieldTableViewCell.swift */,
				9BD0269A201B2903002BC8E7 /* TextFieldTableViewCell.xib */,
				9BD0269D201B2E38002BC8E7 /* EditDescriptionTableViewCell.swift */,
				9BD0269E201B2E38002BC8E7 /* EditDescriptionTableViewCell.xib */,
			);
			path = Cells;
			sourceTree = "<group>";
		};
		9BD1B73E1F65335100B3A641 = {
			isa = PBXGroup;
			children = (
				9BD1B7491F65335100B3A641 /* Vome */,
				9BD1B7481F65335100B3A641 /* Products */,
				6A949624AFD2CE1D7C8079D2 /* Pods */,
				43AF07283CCAAB6121506256 /* Frameworks */,
			);
			sourceTree = "<group>";
		};
		9BD1B7481F65335100B3A641 /* Products */ = {
			isa = PBXGroup;
			children = (
				9BD1B7471F65335100B3A641 /* Vome.app */,
			);
			name = Products;
			sourceTree = "<group>";
		};
		9BD1B7491F65335100B3A641 /* Vome */ = {
			isa = PBXGroup;
			children = (
				9BD1B75C1F6533B500B3A641 /* Classes */,
				9BD1B7681F6533B500B3A641 /* Font */,
				9BD1B7691F6533B500B3A641 /* Resources */,
				9BD1B76A1F6533B500B3A641 /* Storyboard */,
			);
			path = Vome;
			sourceTree = "<group>";
		};
		9BD1B75C1F6533B500B3A641 /* Classes */ = {
			isa = PBXGroup;
			children = (
				9BD1B75D1F6533B500B3A641 /* AppDelegate */,
				9BD1B75F1F6533B500B3A641 /* BaseClasses */,
				9BD1B7611F6533B500B3A641 /* Controller */,
				9BD1B7631F6533B500B3A641 /* Database */,
				9BD1B7641F6533B500B3A641 /* Defines */,
				9BF8B0C620141ED100C73BD4 /* CustomClasses */,
				9BD1B7651F6533B500B3A641 /* Extension */,
				9BD1B7661F6533B500B3A641 /* Models */,
				9BD1B7671F6533B500B3A641 /* Network */,
				9B5606051FE231D000C0FD50 /* Notification */,
				9B383AAB1F6D4D3D00C7FAA6 /* General */,
			);
			path = Classes;
			sourceTree = "<group>";
		};
		9BD1B75D1F6533B500B3A641 /* AppDelegate */ = {
			isa = PBXGroup;
			children = (
				9BD1B75E1F6533B500B3A641 /* AppDelegate.swift */,
			);
			path = AppDelegate;
			sourceTree = "<group>";
		};
		9BD1B75F1F6533B500B3A641 /* BaseClasses */ = {
			isa = PBXGroup;
			children = (
				9BD1B7601F6533B500B3A641 /* BaseViewController.swift */,
			);
			path = BaseClasses;
			sourceTree = "<group>";
		};
		9BD1B7611F6533B500B3A641 /* Controller */ = {
			isa = PBXGroup;
			children = (
				9BEE2DF61F797B6B00EBEB64 /* Message */,
				9B8F5CF01F77D35E00D4DFE6 /* Profile */,
				9BD02690201AFFD5002BC8E7 /* Settings */,
				9BD1B7621F6533B500B3A641 /* LoginSignup */,
				9BF9C12D1F653EAE0092DB80 /* Payment */,
				9B383AB01F6D50F000C7FAA6 /* OpportunityBoard */,
				174F944B200BA637001F7351 /* AddBooking */,
				9B8F5CDC1F779C1600D4DFE6 /* DrawerMenu */,
				9B77ABB21F7813B1005303D6 /* CheckIn */,
			);
			path = Controller;
			sourceTree = "<group>";
		};
		9BD1B7621F6533B500B3A641 /* LoginSignup */ = {
			isa = PBXGroup;
			children = (
				9BD1B7711F65344300B3A641 /* LoginViewController.swift */,
				1714A72C1F6E293100C9BB17 /* RegisterViewController.swift */,
				1714A72E1F6E295400C9BB17 /* LoginSignUpViewController.swift */,
			);
			path = LoginSignup;
			sourceTree = "<group>";
		};
		9BD1B7631F6533B500B3A641 /* Database */ = {
			isa = PBXGroup;
			children = (
				9BD1B79A1F65360C00B3A641 /* DatabaseHandler.swift */,
			);
			path = Database;
			sourceTree = "<group>";
		};
		9BD1B7641F6533B500B3A641 /* Defines */ = {
			isa = PBXGroup;
			children = (
				9B383AAE1F6D4E9900C7FAA6 /* StoryBoardIdentifier.swift */,
				9BD1B7731F65346A00B3A641 /* EnumConstant.swift */,
				9BF9C1301F653FCA0092DB80 /* StringConstant.swift */,
			);
			path = Defines;
			sourceTree = "<group>";
		};
		9BD1B7651F6533B500B3A641 /* Extension */ = {
			isa = PBXGroup;
			children = (
				9BD1B7961F65351200B3A641 /* UIColor+Extension.swift */,
				9BF9C1371F6542830092DB80 /* UIColor+HexColor.swift */,
				9BF9C1411F655F0E0092DB80 /* UIView+Extension.swift */,
				9B8F5CE61F77A4A000D4DFE6 /* UITableView+Extension.swift */,
				9B8F5CE81F77A4F900D4DFE6 /* String+Extension.swift */,
				9B8F5CEA1F77AC0200D4DFE6 /* UIViewController+Extension.swift */,
				9B8F5CF81F77EF9A00D4DFE6 /* UIFont+Extension.swift */,
				9B367F5B200B2E710060C0A7 /* CustomSegmentedControl.swift */,
				9B367F6B200B96530060C0A7 /* UIImageView+Extension.swift */,
				9BF8B0C42013C64A00C73BD4 /* UITextField+Extension.swift */,
				9BF8B0C92014401E00C73BD4 /* UIButton+Extension.swift */,
			);
			path = Extension;
			sourceTree = "<group>";
		};
		9BD1B7661F6533B500B3A641 /* Models */ = {
			isa = PBXGroup;
			children = (
				9BD1B7981F65354700B3A641 /* AppUser.swift */,
				9B56060A1FE2349500C0FD50 /* ErrorResponse.swift */,
				9B56060C1FE241A100C0FD50 /* LoginToken.swift */,
				1708AE682005CEF800CAFD36 /* OpportunityPosts.swift */,
				1708AE6A2005D09F00CAFD36 /* PostResponse.swift */,
				17871756200A7D4000F1213B /* ProfileResponse.swift */,
				9B367F61200B85910060C0A7 /* UserInterest.swift */,
				9B367F63200B86B70060C0A7 /* Organization.swift */,
				9BC60199201ED958006DB20A /* EventDetails.swift */,
				9BC6019D201EDBED006DB20A /* EventDate.swift */,
				9BC6019F201EDD61006DB20A /* BookedBooking.swift */,
			);
			path = Models;
			sourceTree = "<group>";
		};
		9BD1B7671F6533B500B3A641 /* Network */ = {
			isa = PBXGroup;
			children = (
				9BD1B7751F6534AC00B3A641 /* NetworkManager.swift */,
				9BB0A3621F90BFA200F65CE0 /* APIManager.swift */,
			);
			path = Network;
			sourceTree = "<group>";
		};
		9BD1B7681F6533B500B3A641 /* Font */ = {
			isa = PBXGroup;
			children = (
				9BD1B7791F6534D800B3A641 /* Open_Sans */,
			);
			path = Font;
			sourceTree = "<group>";
		};
		9BD1B7691F6533B500B3A641 /* Resources */ = {
			isa = PBXGroup;
			children = (
				9BD1B76D1F6533F900B3A641 /* Assets.xcassets */,
				9BD1B76E1F6533F900B3A641 /* Info.plist */,
			);
			path = Resources;
			sourceTree = "<group>";
		};
		9BD1B76A1F6533B500B3A641 /* Storyboard */ = {
			isa = PBXGroup;
			children = (
				1714A7291F6E257B00C9BB17 /* Login.storyboard */,
				9BD1B74E1F65335100B3A641 /* Main.storyboard */,
				9BD1B7531F65335100B3A641 /* LaunchScreen.storyboard */,
				9BEE2DF91F797BB100EBEB64 /* Chat.storyboard */,
			);
			path = Storyboard;
			sourceTree = "<group>";
		};
		9BD1B7791F6534D800B3A641 /* Open_Sans */ = {
			isa = PBXGroup;
			children = (
				9BD1B77A1F6534D800B3A641 /* OpenSans-Bold.ttf */,
				9BD1B77B1F6534D800B3A641 /* OpenSans-BoldItalic.ttf */,
				9BD1B77C1F6534D800B3A641 /* OpenSans-CondBold.ttf */,
				9BD1B77D1F6534D800B3A641 /* OpenSans-CondLight.ttf */,
				9BD1B77E1F6534D800B3A641 /* OpenSans-CondLightItalic.ttf */,
				9BD1B77F1F6534D800B3A641 /* OpenSans-ExtraBold.ttf */,
				9BD1B7801F6534D800B3A641 /* OpenSans-ExtraBoldItalic.ttf */,
				9BD1B7811F6534D800B3A641 /* OpenSans-Italic.ttf */,
				9BD1B7821F6534D800B3A641 /* OpenSans-Light.ttf */,
				9BD1B7831F6534D800B3A641 /* OpenSans-LightItalic.ttf */,
				9BD1B7841F6534D800B3A641 /* OpenSans-Regular.ttf */,
				9BD1B7851F6534D800B3A641 /* OpenSans-Semibold.ttf */,
				9BD1B7861F6534D800B3A641 /* OpenSans-SemiboldItalic.ttf */,
				9BD1B7871F6534D800B3A641 /* readme.txt */,
			);
			path = Open_Sans;
			sourceTree = "<group>";
		};
		9BEE2DF61F797B6B00EBEB64 /* Message */ = {
			isa = PBXGroup;
			children = (
				9BEE2DFB1F797C9100EBEB64 /* Views */,
				9BEE2DF71F797B8300EBEB64 /* MessageViewController.swift */,
			);
			path = Message;
			sourceTree = "<group>";
		};
		9BEE2DFB1F797C9100EBEB64 /* Views */ = {
			isa = PBXGroup;
			children = (
				9BEE2DFC1F797D1E00EBEB64 /* MessgaeTableViewCell.swift */,
				9BEE2DFD1F797D1E00EBEB64 /* MessgaeTableViewCell.xib */,
			);
			path = Views;
			sourceTree = "<group>";
		};
		9BF8B0C620141ED100C73BD4 /* CustomClasses */ = {
			isa = PBXGroup;
			children = (
				9BF8B0C720141F3A00C73BD4 /* CustomTextField.swift */,
			);
			name = CustomClasses;
			sourceTree = "<group>";
		};
		9BF9C12D1F653EAE0092DB80 /* Payment */ = {
			isa = PBXGroup;
			children = (
				9BF9C1321F6540B40092DB80 /* Cells */,
				9BF9C12E1F653F2E0092DB80 /* PaymentPlanViewController.swift */,
			);
			path = Payment;
			sourceTree = "<group>";
		};
		9BF9C1321F6540B40092DB80 /* Cells */ = {
			isa = PBXGroup;
			children = (
				9BF9C1331F6541180092DB80 /* TextWithIconTableViewCell.swift */,
				9BF9C1341F6541180092DB80 /* TextWithIconTableViewCell.xib */,
				9BF9C1391F6550200092DB80 /* PaymentPlanSectionHearder.swift */,
				9BF9C13B1F6550B50092DB80 /* PaymentPlanSectionHearder.xib */,
				9BF9C13D1F655B020092DB80 /* OutlineButtonTableViewCell.swift */,
				9BF9C13E1F655B020092DB80 /* OutlineButtonTableViewCell.xib */,
			);
			path = Cells;
			sourceTree = "<group>";
		};
/* End PBXGroup section */

/* Begin PBXNativeTarget section */
		9BD1B7461F65335100B3A641 /* Vome */ = {
			isa = PBXNativeTarget;
			buildConfigurationList = 9BD1B7591F65335100B3A641 /* Build configuration list for PBXNativeTarget "Vome" */;
			buildPhases = (
				AEC83106AB74D10D3645A097 /* [CP] Check Pods Manifest.lock */,
				9BD1B7431F65335100B3A641 /* Sources */,
				9BD1B7441F65335100B3A641 /* Frameworks */,
				9BD1B7451F65335100B3A641 /* Resources */,
				7314CC091B3AF057D89A6E81 /* [CP] Embed Pods Frameworks */,
				8DC4671D22A4239A0F92F600 /* [CP] Copy Pods Resources */,
			);
			buildRules = (
			);
			dependencies = (
			);
			name = Vome;
			productName = Vome;
			productReference = 9BD1B7471F65335100B3A641 /* Vome.app */;
			productType = "com.apple.product-type.application";
		};
/* End PBXNativeTarget section */

/* Begin PBXProject section */
		9BD1B73F1F65335100B3A641 /* Project object */ = {
			isa = PBXProject;
			attributes = {
				LastSwiftUpdateCheck = 0830;
				LastUpgradeCheck = 0830;
				ORGANIZATIONNAME = "Bheem Singh";
				TargetAttributes = {
					9BD1B7461F65335100B3A641 = {
						CreatedOnToolsVersion = 8.3.3;
						DevelopmentTeam = EXU7UPZB8S;
						ProvisioningStyle = Manual;
					};
				};
			};
			buildConfigurationList = 9BD1B7421F65335100B3A641 /* Build configuration list for PBXProject "Vome" */;
			compatibilityVersion = "Xcode 3.2";
			developmentRegion = English;
			hasScannedForEncodings = 0;
			knownRegions = (
				en,
				Base,
			);
			mainGroup = 9BD1B73E1F65335100B3A641;
			productRefGroup = 9BD1B7481F65335100B3A641 /* Products */;
			projectDirPath = "";
			projectRoot = "";
			targets = (
				9BD1B7461F65335100B3A641 /* Vome */,
			);
		};
/* End PBXProject section */

/* Begin PBXResourcesBuildPhase section */
		9BD1B7451F65335100B3A641 /* Resources */ = {
			isa = PBXResourcesBuildPhase;
			buildActionMask = 2147483647;
			files = (
				9BD026A0201B2E38002BC8E7 /* EditDescriptionTableViewCell.xib in Resources */,
				9B367F68200B8F5A0060C0A7 /* VolunteerProfileTableViewCell.xib in Resources */,
				9BD1B7901F6534D800B3A641 /* OpenSans-Light.ttf in Resources */,
				9BD1B78C1F6534D800B3A641 /* OpenSans-CondLightItalic.ttf in Resources */,
				9BD1B7911F6534D800B3A641 /* OpenSans-LightItalic.ttf in Resources */,
				9BF9C13C1F6550B50092DB80 /* PaymentPlanSectionHearder.xib in Resources */,
				9BD1B7891F6534D800B3A641 /* OpenSans-BoldItalic.ttf in Resources */,
				9BD1B7931F6534D800B3A641 /* OpenSans-Semibold.ttf in Resources */,
				9BD1B7941F6534D800B3A641 /* OpenSans-SemiboldItalic.ttf in Resources */,
				9BD1B7951F6534D800B3A641 /* readme.txt in Resources */,
				9B383AB71F6D590A00C7FAA6 /* OpportunityBoardTableViewCell.xib in Resources */,
				9BD1B7701F6533F900B3A641 /* Info.plist in Resources */,
				9B8F5CFD1F77F2C700D4DFE6 /* ProfileViewTableViewCell.xib in Resources */,
				9B8F5CF71F77E0E100D4DFE6 /* ProfileMapTableViewCell.xib in Resources */,
				9BD02698201B0107002BC8E7 /* EditProfileImageTableViewCell.xib in Resources */,
				9BD1B78B1F6534D800B3A641 /* OpenSans-CondLight.ttf in Resources */,
				9B8F5CE51F77A25900D4DFE6 /* ImageHeaderView.xib in Resources */,
				9BEE2DFA1F797BB100EBEB64 /* Chat.storyboard in Resources */,
				9BEE2DFF1F797D1E00EBEB64 /* MessgaeTableViewCell.xib in Resources */,
				9BD1B7551F65335100B3A641 /* LaunchScreen.storyboard in Resources */,
				9BD1B76F1F6533F900B3A641 /* Assets.xcassets in Resources */,
				9BD1B78A1F6534D800B3A641 /* OpenSans-CondBold.ttf in Resources */,
				9BF9C1361F6541180092DB80 /* TextWithIconTableViewCell.xib in Resources */,
				9BD1B7881F6534D800B3A641 /* OpenSans-Bold.ttf in Resources */,
				9BD1B7921F6534D800B3A641 /* OpenSans-Regular.ttf in Resources */,
				9BD1B7501F65335100B3A641 /* Main.storyboard in Resources */,
				9BD0269C201B2903002BC8E7 /* TextFieldTableViewCell.xib in Resources */,
				9BD1B78F1F6534D800B3A641 /* OpenSans-Italic.ttf in Resources */,
				9BF9C1401F655B020092DB80 /* OutlineButtonTableViewCell.xib in Resources */,
				9BD1B78E1F6534D800B3A641 /* OpenSans-ExtraBoldItalic.ttf in Resources */,
				9BF8B0CE201447DA00C73BD4 /* HoursProgressTableViewCell.xib in Resources */,
				1714A72B1F6E257B00C9BB17 /* Login.storyboard in Resources */,
				9B8F5CEF1F77C78800D4DFE6 /* MenuTableViewCell.xib in Resources */,
				9BD1B78D1F6534D800B3A641 /* OpenSans-ExtraBold.ttf in Resources */,
			);
			runOnlyForDeploymentPostprocessing = 0;
		};
/* End PBXResourcesBuildPhase section */

/* Begin PBXShellScriptBuildPhase section */
		7314CC091B3AF057D89A6E81 /* [CP] Embed Pods Frameworks */ = {
			isa = PBXShellScriptBuildPhase;
			buildActionMask = 2147483647;
			files = (
			);
			inputPaths = (
				"${SRCROOT}/Pods/Target Support Files/Pods-Vome/Pods-Vome-frameworks.sh",
				"${BUILT_PRODUCTS_DIR}/Alamofire/Alamofire.framework",
				"${BUILT_PRODUCTS_DIR}/AlamofireImage/AlamofireImage.framework",
				"${BUILT_PRODUCTS_DIR}/AlamofireObjectMapper/AlamofireObjectMapper.framework",
				"${BUILT_PRODUCTS_DIR}/DropDown/DropDown.framework",
				"${BUILT_PRODUCTS_DIR}/IQKeyboardManagerSwift/IQKeyboardManagerSwift.framework",
				"${BUILT_PRODUCTS_DIR}/ObjectMapper/ObjectMapper.framework",
				"${BUILT_PRODUCTS_DIR}/SVProgressHUD/SVProgressHUD.framework",
				"${BUILT_PRODUCTS_DIR}/SlideMenuControllerSwift/SlideMenuControllerSwift.framework",
			);
			name = "[CP] Embed Pods Frameworks";
			outputPaths = (
				"${TARGET_BUILD_DIR}/${FRAMEWORKS_FOLDER_PATH}/Alamofire.framework",
				"${TARGET_BUILD_DIR}/${FRAMEWORKS_FOLDER_PATH}/AlamofireImage.framework",
				"${TARGET_BUILD_DIR}/${FRAMEWORKS_FOLDER_PATH}/AlamofireObjectMapper.framework",
				"${TARGET_BUILD_DIR}/${FRAMEWORKS_FOLDER_PATH}/DropDown.framework",
				"${TARGET_BUILD_DIR}/${FRAMEWORKS_FOLDER_PATH}/IQKeyboardManagerSwift.framework",
				"${TARGET_BUILD_DIR}/${FRAMEWORKS_FOLDER_PATH}/ObjectMapper.framework",
				"${TARGET_BUILD_DIR}/${FRAMEWORKS_FOLDER_PATH}/SVProgressHUD.framework",
				"${TARGET_BUILD_DIR}/${FRAMEWORKS_FOLDER_PATH}/SlideMenuControllerSwift.framework",
			);
			runOnlyForDeploymentPostprocessing = 0;
			shellPath = /bin/sh;
			shellScript = "\"${SRCROOT}/Pods/Target Support Files/Pods-Vome/Pods-Vome-frameworks.sh\"\n";
			showEnvVarsInLog = 0;
		};
		8DC4671D22A4239A0F92F600 /* [CP] Copy Pods Resources */ = {
			isa = PBXShellScriptBuildPhase;
			buildActionMask = 2147483647;
			files = (
			);
			inputPaths = (
			);
			name = "[CP] Copy Pods Resources";
			outputPaths = (
			);
			runOnlyForDeploymentPostprocessing = 0;
			shellPath = /bin/sh;
			shellScript = "\"${SRCROOT}/Pods/Target Support Files/Pods-Vome/Pods-Vome-resources.sh\"\n";
			showEnvVarsInLog = 0;
		};
		AEC83106AB74D10D3645A097 /* [CP] Check Pods Manifest.lock */ = {
			isa = PBXShellScriptBuildPhase;
			buildActionMask = 2147483647;
			files = (
			);
			inputPaths = (
				"${PODS_PODFILE_DIR_PATH}/Podfile.lock",
				"${PODS_ROOT}/Manifest.lock",
			);
			name = "[CP] Check Pods Manifest.lock";
			outputPaths = (
				"$(DERIVED_FILE_DIR)/Pods-Vome-checkManifestLockResult.txt",
			);
			runOnlyForDeploymentPostprocessing = 0;
			shellPath = /bin/sh;
			shellScript = "diff \"${PODS_PODFILE_DIR_PATH}/Podfile.lock\" \"${PODS_ROOT}/Manifest.lock\" > /dev/null\nif [ $? != 0 ] ; then\n    # print error to STDERR\n    echo \"error: The sandbox is not in sync with the Podfile.lock. Run 'pod install' or update your CocoaPods installation.\" >&2\n    exit 1\nfi\n# This output is used by Xcode 'outputs' to avoid re-running this script phase.\necho \"SUCCESS\" > \"${SCRIPT_OUTPUT_FILE_0}\"\n";
			showEnvVarsInLog = 0;
		};
/* End PBXShellScriptBuildPhase section */

/* Begin PBXSourcesBuildPhase section */
		9BD1B7431F65335100B3A641 /* Sources */ = {
			isa = PBXSourcesBuildPhase;
			buildActionMask = 2147483647;
			files = (
				9B8F5CF61F77E0E100D4DFE6 /* ProfileMapTableViewCell.swift in Sources */,
				9BC6019A201ED958006DB20A /* EventDetails.swift in Sources */,
				9BD02697201B0107002BC8E7 /* EditProfileImageTableViewCell.swift in Sources */,
				9B8F5CEB1F77AC0200D4DFE6 /* UIViewController+Extension.swift in Sources */,
				9B367F6C200B96530060C0A7 /* UIImageView+Extension.swift in Sources */,
				9BF8B0CA2014401E00C73BD4 /* UIButton+Extension.swift in Sources */,
				9BD1B7991F65354700B3A641 /* AppUser.swift in Sources */,
				9B8F5CEE1F77C78800D4DFE6 /* MenuTableViewCell.swift in Sources */,
				9BC601A0201EDD61006DB20A /* BookedBooking.swift in Sources */,
				9BF9C1381F6542830092DB80 /* UIColor+HexColor.swift in Sources */,
				9B5606091FE2333800C0FD50 /* Global.swift in Sources */,
				9B5606071FE231FF00C0FD50 /* NotificationCenter.swift in Sources */,
				9BF8B0C820141F3A00C73BD4 /* CustomTextField.swift in Sources */,
				9BF9C13F1F655B020092DB80 /* OutlineButtonTableViewCell.swift in Sources */,
				9BD0269B201B2903002BC8E7 /* TextFieldTableViewCell.swift in Sources */,
				9BF9C1421F655F0E0092DB80 /* UIView+Extension.swift in Sources */,
				174F944D200BA66D001F7351 /* AddBookingViewController.swift in Sources */,
				9B367F5C200B2E710060C0A7 /* CustomSegmentedControl.swift in Sources */,
				9BD1B7741F65346A00B3A641 /* EnumConstant.swift in Sources */,
				9BEE2DFE1F797D1E00EBEB64 /* MessgaeTableViewCell.swift in Sources */,
				9B8F5CFC1F77F2C700D4DFE6 /* ProfileViewTableViewCell.swift in Sources */,
				9BF9C13A1F6550200092DB80 /* PaymentPlanSectionHearder.swift in Sources */,
				9B8F5CE91F77A4F900D4DFE6 /* String+Extension.swift in Sources */,
				1708AE6B2005D09F00CAFD36 /* PostResponse.swift in Sources */,
				9BB0A3631F90BFA200F65CE0 /* APIManager.swift in Sources */,
				9BC6019E201EDBED006DB20A /* EventDate.swift in Sources */,
				9B56060B1FE2349500C0FD50 /* ErrorResponse.swift in Sources */,
				9B367F60200B39A00060C0A7 /* VolunteerProfileViewController.swift in Sources */,
				9BD1B7721F65344300B3A641 /* LoginViewController.swift in Sources */,
				9B383AB31F6D517700C7FAA6 /* OpportunityBoardViewController.swift in Sources */,
				9B383AB61F6D590A00C7FAA6 /* OpportunityBoardTableViewCell.swift in Sources */,
				9BD02693201B001B002BC8E7 /* EditProfileViewController.swift in Sources */,
				9BF8B0C52013C64A00C73BD4 /* UITextField+Extension.swift in Sources */,
				9B5606041FE2308F00C0FD50 /* Utility.swift in Sources */,
				9BD1B79B1F65360C00B3A641 /* DatabaseHandler.swift in Sources */,
				9B56060D1FE241A100C0FD50 /* LoginToken.swift in Sources */,
				9B8F5CF21F77D37F00D4DFE6 /* ProfileViewController.swift in Sources */,
				9BD0269F201B2E38002BC8E7 /* EditDescriptionTableViewCell.swift in Sources */,
				9B367F62200B85910060C0A7 /* UserInterest.swift in Sources */,
				9B8F5CE01F77A00000D4DFE6 /* LeftViewController.swift in Sources */,
				9B8F5CF91F77EF9A00D4DFE6 /* UIFont+Extension.swift in Sources */,
				1714A72F1F6E295400C9BB17 /* LoginSignUpViewController.swift in Sources */,
				9BF9C1311F653FCA0092DB80 /* StringConstant.swift in Sources */,
				1708AE692005CEF800CAFD36 /* OpportunityPosts.swift in Sources */,
				9B367F67200B8F5A0060C0A7 /* VolunteerProfileTableViewCell.swift in Sources */,
				1714A72D1F6E293100C9BB17 /* RegisterViewController.swift in Sources */,
				9BD1B7761F6534AC00B3A641 /* NetworkManager.swift in Sources */,
				9BF8B0CD201447DA00C73BD4 /* HoursProgressTableViewCell.swift in Sources */,
				9B8F5CE41F77A25900D4DFE6 /* ImageHeaderView.swift in Sources */,
				9BD1B7971F65351200B3A641 /* UIColor+Extension.swift in Sources */,
				9B8F5CE71F77A4A000D4DFE6 /* UITableView+Extension.swift in Sources */,
				9BF9C1351F6541180092DB80 /* TextWithIconTableViewCell.swift in Sources */,
				9BF9C12F1F653F2E0092DB80 /* PaymentPlanViewController.swift in Sources */,
				9B367F64200B86B70060C0A7 /* Organization.swift in Sources */,
				9B6DC6E41FE6910C008EFE57 /* Validation.swift in Sources */,
				9BD1B76B1F6533B500B3A641 /* AppDelegate.swift in Sources */,
				17871757200A7D4000F1213B /* ProfileResponse.swift in Sources */,
				9B383AAF1F6D4E9900C7FAA6 /* StoryBoardIdentifier.swift in Sources */,
				9BD1B76C1F6533B500B3A641 /* BaseViewController.swift in Sources */,
				9BEE2DF81F797B8300EBEB64 /* MessageViewController.swift in Sources */,
				9B8F5CDE1F779C2E00D4DFE6 /* DrawerMenuViewController.swift in Sources */,
				9B77ABB41F7813D4005303D6 /* CheckInViewController.swift in Sources */,
				9B383AAD1F6D4D6900C7FAA6 /* AppNavigation.swift in Sources */,
			);
			runOnlyForDeploymentPostprocessing = 0;
		};
/* End PBXSourcesBuildPhase section */

/* Begin PBXVariantGroup section */
		1714A7291F6E257B00C9BB17 /* Login.storyboard */ = {
			isa = PBXVariantGroup;
			children = (
				1714A72A1F6E257B00C9BB17 /* Base */,
			);
			name = Login.storyboard;
			path = ..;
			sourceTree = "<group>";
		};
		9BD1B74E1F65335100B3A641 /* Main.storyboard */ = {
			isa = PBXVariantGroup;
			children = (
				9BD1B74F1F65335100B3A641 /* Base */,
			);
			name = Main.storyboard;
			path = ..;
			sourceTree = "<group>";
		};
		9BD1B7531F65335100B3A641 /* LaunchScreen.storyboard */ = {
			isa = PBXVariantGroup;
			children = (
				9BD1B7541F65335100B3A641 /* Base */,
			);
			name = LaunchScreen.storyboard;
			path = ..;
			sourceTree = "<group>";
		};
/* End PBXVariantGroup section */

/* Begin XCBuildConfiguration section */
		9BD1B7571F65335100B3A641 /* Debug */ = {
			isa = XCBuildConfiguration;
			buildSettings = {
				ALWAYS_SEARCH_USER_PATHS = NO;
				CLANG_ANALYZER_NONNULL = YES;
				CLANG_ANALYZER_NUMBER_OBJECT_CONVERSION = YES_AGGRESSIVE;
				CLANG_CXX_LANGUAGE_STANDARD = "gnu++0x";
				CLANG_CXX_LIBRARY = "libc++";
				CLANG_ENABLE_MODULES = YES;
				CLANG_ENABLE_OBJC_ARC = YES;
				CLANG_WARN_BOOL_CONVERSION = YES;
				CLANG_WARN_CONSTANT_CONVERSION = YES;
				CLANG_WARN_DIRECT_OBJC_ISA_USAGE = YES_ERROR;
				CLANG_WARN_DOCUMENTATION_COMMENTS = YES;
				CLANG_WARN_EMPTY_BODY = YES;
				CLANG_WARN_ENUM_CONVERSION = YES;
				CLANG_WARN_INFINITE_RECURSION = YES;
				CLANG_WARN_INT_CONVERSION = YES;
				CLANG_WARN_OBJC_ROOT_CLASS = YES_ERROR;
				CLANG_WARN_SUSPICIOUS_MOVE = YES;
				CLANG_WARN_UNREACHABLE_CODE = YES;
				CLANG_WARN__DUPLICATE_METHOD_MATCH = YES;
				"CODE_SIGN_IDENTITY[sdk=iphoneos*]" = "iPhone Developer";
				COPY_PHASE_STRIP = NO;
				DEBUG_INFORMATION_FORMAT = dwarf;
				ENABLE_STRICT_OBJC_MSGSEND = YES;
				ENABLE_TESTABILITY = YES;
				GCC_C_LANGUAGE_STANDARD = gnu99;
				GCC_DYNAMIC_NO_PIC = NO;
				GCC_NO_COMMON_BLOCKS = YES;
				GCC_OPTIMIZATION_LEVEL = 0;
				GCC_PREPROCESSOR_DEFINITIONS = (
					"DEBUG=1",
					"$(inherited)",
				);
				GCC_WARN_64_TO_32_BIT_CONVERSION = YES;
				GCC_WARN_ABOUT_RETURN_TYPE = YES_ERROR;
				GCC_WARN_UNDECLARED_SELECTOR = YES;
				GCC_WARN_UNINITIALIZED_AUTOS = YES_AGGRESSIVE;
				GCC_WARN_UNUSED_FUNCTION = YES;
				GCC_WARN_UNUSED_VARIABLE = YES;
				IPHONEOS_DEPLOYMENT_TARGET = 10.3;
				MTL_ENABLE_DEBUG_INFO = YES;
				ONLY_ACTIVE_ARCH = YES;
				SDKROOT = iphoneos;
				SWIFT_ACTIVE_COMPILATION_CONDITIONS = DEBUG;
				SWIFT_OPTIMIZATION_LEVEL = "-Onone";
				TARGETED_DEVICE_FAMILY = "1,2";
			};
			name = Debug;
		};
		9BD1B7581F65335100B3A641 /* Release */ = {
			isa = XCBuildConfiguration;
			buildSettings = {
				ALWAYS_SEARCH_USER_PATHS = NO;
				CLANG_ANALYZER_NONNULL = YES;
				CLANG_ANALYZER_NUMBER_OBJECT_CONVERSION = YES_AGGRESSIVE;
				CLANG_CXX_LANGUAGE_STANDARD = "gnu++0x";
				CLANG_CXX_LIBRARY = "libc++";
				CLANG_ENABLE_MODULES = YES;
				CLANG_ENABLE_OBJC_ARC = YES;
				CLANG_WARN_BOOL_CONVERSION = YES;
				CLANG_WARN_CONSTANT_CONVERSION = YES;
				CLANG_WARN_DIRECT_OBJC_ISA_USAGE = YES_ERROR;
				CLANG_WARN_DOCUMENTATION_COMMENTS = YES;
				CLANG_WARN_EMPTY_BODY = YES;
				CLANG_WARN_ENUM_CONVERSION = YES;
				CLANG_WARN_INFINITE_RECURSION = YES;
				CLANG_WARN_INT_CONVERSION = YES;
				CLANG_WARN_OBJC_ROOT_CLASS = YES_ERROR;
				CLANG_WARN_SUSPICIOUS_MOVE = YES;
				CLANG_WARN_UNREACHABLE_CODE = YES;
				CLANG_WARN__DUPLICATE_METHOD_MATCH = YES;
				"CODE_SIGN_IDENTITY[sdk=iphoneos*]" = "iPhone Developer";
				COPY_PHASE_STRIP = NO;
				DEBUG_INFORMATION_FORMAT = "dwarf-with-dsym";
				ENABLE_NS_ASSERTIONS = NO;
				ENABLE_STRICT_OBJC_MSGSEND = YES;
				GCC_C_LANGUAGE_STANDARD = gnu99;
				GCC_NO_COMMON_BLOCKS = YES;
				GCC_WARN_64_TO_32_BIT_CONVERSION = YES;
				GCC_WARN_ABOUT_RETURN_TYPE = YES_ERROR;
				GCC_WARN_UNDECLARED_SELECTOR = YES;
				GCC_WARN_UNINITIALIZED_AUTOS = YES_AGGRESSIVE;
				GCC_WARN_UNUSED_FUNCTION = YES;
				GCC_WARN_UNUSED_VARIABLE = YES;
				IPHONEOS_DEPLOYMENT_TARGET = 10.3;
				MTL_ENABLE_DEBUG_INFO = NO;
				SDKROOT = iphoneos;
				SWIFT_OPTIMIZATION_LEVEL = "-Owholemodule";
				TARGETED_DEVICE_FAMILY = "1,2";
				VALIDATE_PRODUCT = YES;
			};
			name = Release;
		};
		9BD1B75A1F65335100B3A641 /* Debug */ = {
			isa = XCBuildConfiguration;
			baseConfigurationReference = 8A0692D6E13FFF2B314AE027 /* Pods-Vome.debug.xcconfig */;
			buildSettings = {
				ASSETCATALOG_COMPILER_APPICON_NAME = AppIcon;
				"CODE_SIGN_IDENTITY[sdk=iphoneos*]" = "iPhone Developer";
				DEVELOPMENT_TEAM = EXU7UPZB8S;
				INFOPLIST_FILE = Vome/Resources/Info.plist;
				IPHONEOS_DEPLOYMENT_TARGET = 10.2;
				LD_RUNPATH_SEARCH_PATHS = "$(inherited) @executable_path/Frameworks";
				PRODUCT_BUNDLE_IDENTIFIER = com.vome.vome;
				PRODUCT_NAME = "$(TARGET_NAME)";
				PROVISIONING_PROFILE = "99a17404-9b18-4800-bb78-83040a67d66c";
				PROVISIONING_PROFILE_SPECIFIER = VomeDevProfile;
				SWIFT_VERSION = 3.0;
			};
			name = Debug;
		};
		9BD1B75B1F65335100B3A641 /* Release */ = {
			isa = XCBuildConfiguration;
			baseConfigurationReference = 7ED19A6D804F7A8EC9B63BE6 /* Pods-Vome.release.xcconfig */;
			buildSettings = {
				ASSETCATALOG_COMPILER_APPICON_NAME = AppIcon;
				"CODE_SIGN_IDENTITY[sdk=iphoneos*]" = "iPhone Developer";
				DEVELOPMENT_TEAM = EXU7UPZB8S;
				INFOPLIST_FILE = Vome/Resources/Info.plist;
				IPHONEOS_DEPLOYMENT_TARGET = 10.2;
				LD_RUNPATH_SEARCH_PATHS = "$(inherited) @executable_path/Frameworks";
				PRODUCT_BUNDLE_IDENTIFIER = com.vome.vome;
				PRODUCT_NAME = "$(TARGET_NAME)";
				PROVISIONING_PROFILE = "99a17404-9b18-4800-bb78-83040a67d66c";
				PROVISIONING_PROFILE_SPECIFIER = VomeDevProfile;
				SWIFT_VERSION = 3.0;
			};
			name = Release;
		};
/* End XCBuildConfiguration section */

/* Begin XCConfigurationList section */
		9BD1B7421F65335100B3A641 /* Build configuration list for PBXProject "Vome" */ = {
			isa = XCConfigurationList;
			buildConfigurations = (
				9BD1B7571F65335100B3A641 /* Debug */,
				9BD1B7581F65335100B3A641 /* Release */,
			);
			defaultConfigurationIsVisible = 0;
			defaultConfigurationName = Release;
		};
		9BD1B7591F65335100B3A641 /* Build configuration list for PBXNativeTarget "Vome" */ = {
			isa = XCConfigurationList;
			buildConfigurations = (
				9BD1B75A1F65335100B3A641 /* Debug */,
				9BD1B75B1F65335100B3A641 /* Release */,
			);
			defaultConfigurationIsVisible = 0;
			defaultConfigurationName = Release;
		};
/* End XCConfigurationList section */
	};
	rootObject = 9BD1B73F1F65335100B3A641 /* Project object */;
}
